
Microsoft Visual Studio Solution File, Format Version 12.00
# Visual Studio Version 17
VisualStudioVersion = 17.2.32616.157
MinimumVisualStudioVersion = 10.0.40219.1
Project("{9A19103F-16F7-4668-BE54-9A1E7A4F7556}") = "problem_001", "problem_001\problem_001.csproj", "{FAC7C1C3-976A-4728-92B9-2E88D0DCCFC9}"
EndProject
Project("{9A19103F-16F7-4668-BE54-9A1E7A4F7556}") = "problem_002", "problem_002\problem_002.csproj", "{69C1DF8A-FC0B-4B67-8BCD-6B1D374666A3}"
EndProject
Project("{9A19103F-16F7-4668-BE54-9A1E7A4F7556}") = "problem_003", "problem_003\problem_003.csproj", "{247C2688-7D8D-4816-980C-072973BA72C4}"
EndProject
Global
	GlobalSection(SolutionConfigurationPlatforms) = preSolution
		Debug|Any CPU = Debug|Any CPU
		Release|Any CPU = Release|Any CPU
	EndGlobalSection
	GlobalSection(ProjectConfigurationPlatforms) = postSolution
		{FAC7C1C3-976A-4728-92B9-2E88D0DCCFC9}.Debug|Any CPU.ActiveCfg = Debug|Any CPU
		{FAC7C1C3-976A-4728-92B9-2E88D0DCCFC9}.Debug|Any CPU.Build.0 = Debug|Any CPU
		{FAC7C1C3-976A-4728-92B9-2E88D0DCCFC9}.Release|Any CPU.ActiveCfg = Release|Any CPU
		{FAC7C1C3-976A-4728-92B9-2E88D0DCCFC9}.Release|Any CPU.Build.0 = Release|Any CPU
		{69C1DF8A-FC0B-4B67-8BCD-6B1D374666A3}.Debug|Any CPU.ActiveCfg = Debug|Any CPU
		{69C1DF8A-FC0B-4B67-8BCD-6B1D374666A3}.Debug|Any CPU.Build.0 = Debug|Any CPU
		{69C1DF8A-FC0B-4B67-8BCD-6B1D374666A3}.Release|Any CPU.ActiveCfg = Release|Any CPU
		{69C1DF8A-FC0B-4B67-8BCD-6B1D374666A3}.Release|Any CPU.Build.0 = Release|Any CPU
		{247C2688-7D8D-4816-980C-072973BA72C4}.Debug|Any CPU.ActiveCfg = Debug|Any CPU
		{247C2688-7D8D-4816-980C-072973BA72C4}.Debug|Any CPU.Build.0 = Debug|Any CPU
		{247C2688-7D8D-4816-980C-072973BA72C4}.Release|Any CPU.ActiveCfg = Release|Any CPU
		{247C2688-7D8D-4816-980C-072973BA72C4}.Release|Any CPU.Build.0 = Release|Any CPU
	EndGlobalSection
	GlobalSection(SolutionProperties) = preSolution
		HideSolutionNode = FALSE
	EndGlobalSection
	GlobalSection(ExtensibilityGlobals) = postSolution
		SolutionGuid = {CF3DF62B-7C60-4F0A-AAF3-1AE0FBB10A66}
	EndGlobalSection
EndGlobal
